// !$*UTF8*$!
{
	archiveVersion = 1;
	classes = {
	};
	objectVersion = 50;
	objects = {

/* Begin PBXBuildFile section */
		34DD617B20D3D799003C1EB4 /* AppDelegate.swift in Sources */ = {isa = PBXBuildFile; fileRef = 34DD617A20D3D799003C1EB4 /* AppDelegate.swift */; };
		34DD617D20D3D799003C1EB4 /* ViewController.swift in Sources */ = {isa = PBXBuildFile; fileRef = 34DD617C20D3D799003C1EB4 /* ViewController.swift */; };
		34DD618020D3D799003C1EB4 /* Main.storyboard in Resources */ = {isa = PBXBuildFile; fileRef = 34DD617E20D3D799003C1EB4 /* Main.storyboard */; };
		34DD618220D3D79B003C1EB4 /* Assets.xcassets in Resources */ = {isa = PBXBuildFile; fileRef = 34DD618120D3D79B003C1EB4 /* Assets.xcassets */; };
		34DD618520D3D79B003C1EB4 /* LaunchScreen.storyboard in Resources */ = {isa = PBXBuildFile; fileRef = 34DD618320D3D79B003C1EB4 /* LaunchScreen.storyboard */; };
		34DD619020D3D79B003C1EB4 /* DiceeTests.swift in Sources */ = {isa = PBXBuildFile; fileRef = 34DD618F20D3D79B003C1EB4 /* DiceeTests.swift */; };
		34DD619B20D3D79B003C1EB4 /* DiceeUITests.swift in Sources */ = {isa = PBXBuildFile; fileRef = 34DD619A20D3D79B003C1EB4 /* DiceeUITests.swift */; };
/* End PBXBuildFile section */

/* Begin PBXContainerItemProxy section */
		34DD618C20D3D79B003C1EB4 /* PBXContainerItemProxy */ = {
			isa = PBXContainerItemProxy;
			containerPortal = 34DD616F20D3D799003C1EB4 /* Project object */;
			proxyType = 1;
			remoteGlobalIDString = 34DD617620D3D799003C1EB4;
			remoteInfo = Dicee;
		};
		34DD619720D3D79B003C1EB4 /* PBXContainerItemProxy */ = {
			isa = PBXContainerItemProxy;
			containerPortal = 34DD616F20D3D799003C1EB4 /* Project object */;
			proxyType = 1;
			remoteGlobalIDString = 34DD617620D3D799003C1EB4;
			remoteInfo = Dicee;
		};
/* End PBXContainerItemProxy section */

/* Begin PBXFileReference section */
		34DD617720D3D799003C1EB4 /* Dicee.app */ = {isa = PBXFileReference; explicitFileType = wrapper.application; includeInIndex = 0; path = Dicee.app; sourceTree = BUILT_PRODUCTS_DIR; };
		34DD617A20D3D799003C1EB4 /* AppDelegate.swift */ = {isa = PBXFileReference; lastKnownFileType = sourcecode.swift; path = AppDelegate.swift; sourceTree = "<group>"; };
		34DD617C20D3D799003C1EB4 /* ViewController.swift */ = {isa = PBXFileReference; lastKnownFileType = sourcecode.swift; path = ViewController.swift; sourceTree = "<group>"; };
		34DD617F20D3D799003C1EB4 /* Base */ = {isa = PBXFileReference; lastKnownFileType = file.storyboard; name = Base; path = Base.lproj/Main.storyboard; sourceTree = "<group>"; };
		34DD618120D3D79B003C1EB4 /* Assets.xcassets */ = {isa = PBXFileReference; lastKnownFileType = folder.assetcatalog; path = Assets.xcassets; sourceTree = "<group>"; };
		34DD618420D3D79B003C1EB4 /* Base */ = {isa = PBXFileReference; lastKnownFileType = file.storyboard; name = Base; path = Base.lproj/LaunchScreen.storyboard; sourceTree = "<group>"; };
		34DD618620D3D79B003C1EB4 /* Info.plist */ = {isa = PBXFileReference; lastKnownFileType = text.plist.xml; path = Info.plist; sourceTree = "<group>"; };
		34DD618B20D3D79B003C1EB4 /* DiceeTests.xctest */ = {isa = PBXFileReference; explicitFileType = wrapper.cfbundle; includeInIndex = 0; path = DiceeTests.xctest; sourceTree = BUILT_PRODUCTS_DIR; };
		34DD618F20D3D79B003C1EB4 /* DiceeTests.swift */ = {isa = PBXFileReference; lastKnownFileType = sourcecode.swift; path = DiceeTests.swift; sourceTree = "<group>"; };
		34DD619120D3D79B003C1EB4 /* Info.plist */ = {isa = PBXFileReference; lastKnownFileType = text.plist.xml; path = Info.plist; sourceTree = "<group>"; };
		34DD619620D3D79B003C1EB4 /* DiceeUITests.xctest */ = {isa = PBXFileReference; explicitFileType = wrapper.cfbundle; includeInIndex = 0; path = DiceeUITests.xctest; sourceTree = BUILT_PRODUCTS_DIR; };
		34DD619A20D3D79B003C1EB4 /* DiceeUITests.swift */ = {isa = PBXFileReference; lastKnownFileType = sourcecode.swift; path = DiceeUITests.swift; sourceTree = "<group>"; };
		34DD619C20D3D79B003C1EB4 /* Info.plist */ = {isa = PBXFileReference; lastKnownFileType = text.plist.xml; path = Info.plist; sourceTree = "<group>"; };
/* End PBXFileReference section */

/* Begin PBXFrameworksBuildPhase section */
		34DD617420D3D799003C1EB4 /* Frameworks */ = {
			isa = PBXFrameworksBuildPhase;
			buildActionMask = 2147483647;
			files = (
			);
			runOnlyForDeploymentPostprocessing = 0;
		};
		34DD618820D3D79B003C1EB4 /* Frameworks */ = {
			isa = PBXFrameworksBuildPhase;
			buildActionMask = 2147483647;
			files = (
			);
			runOnlyForDeploymentPostprocessing = 0;
		};
		34DD619320D3D79B003C1EB4 /* Frameworks */ = {
			isa = PBXFrameworksBuildPhase;
			buildActionMask = 2147483647;
			files = (
			);
			runOnlyForDeploymentPostprocessing = 0;
		};
/* End PBXFrameworksBuildPhase section */

/* Begin PBXGroup section */
		34DD616E20D3D799003C1EB4 = {
			isa = PBXGroup;
			children = (
				34DD617920D3D799003C1EB4 /* Dicee */,
				34DD618E20D3D79B003C1EB4 /* DiceeTests */,
				34DD619920D3D79B003C1EB4 /* DiceeUITests */,
				34DD617820D3D799003C1EB4 /* Products */,
			);
			sourceTree = "<group>";
		};
		34DD617820D3D799003C1EB4 /* Products */ = {
			isa = PBXGroup;
			children = (
				34DD617720D3D799003C1EB4 /* Dicee.app */,
				34DD618B20D3D79B003C1EB4 /* DiceeTests.xctest */,
				34DD619620D3D79B003C1EB4 /* DiceeUITests.xctest */,
			);
			name = Products;
			sourceTree = "<group>";
		};
		34DD617920D3D799003C1EB4 /* Dicee */ = {
			isa = PBXGroup;
			children = (
				34DD617A20D3D799003C1EB4 /* AppDelegate.swift */,
				34DD617C20D3D799003C1EB4 /* ViewController.swift */,
				34DD617E20D3D799003C1EB4 /* Main.storyboard */,
				34DD618120D3D79B003C1EB4 /* Assets.xcassets */,
				34DD618320D3D79B003C1EB4 /* LaunchScreen.storyboard */,
				34DD618620D3D79B003C1EB4 /* Info.plist */,
			);
			path = Dicee;
			sourceTree = "<group>";
		};
		34DD618E20D3D79B003C1EB4 /* DiceeTests */ = {
			isa = PBXGroup;
			children = (
				34DD618F20D3D79B003C1EB4 /* DiceeTests.swift */,
				34DD619120D3D79B003C1EB4 /* Info.plist */,
			);
			path = DiceeTests;
			sourceTree = "<group>";
		};
		34DD619920D3D79B003C1EB4 /* DiceeUITests */ = {
			isa = PBXGroup;
			children = (
				34DD619A20D3D79B003C1EB4 /* DiceeUITests.swift */,
				34DD619C20D3D79B003C1EB4 /* Info.plist */,
			);
			path = DiceeUITests;
			sourceTree = "<group>";
		};
/* End PBXGroup section */

/* Begin PBXNativeTarget section */
		34DD617620D3D799003C1EB4 /* Dicee */ = {
			isa = PBXNativeTarget;
			buildConfigurationList = 34DD619F20D3D79B003C1EB4 /* Build configuration list for PBXNativeTarget "Dicee" */;
			buildPhases = (
				34DD617320D3D799003C1EB4 /* Sources */,
				34DD617420D3D799003C1EB4 /* Frameworks */,
				34DD617520D3D799003C1EB4 /* Resources */,
			);
			buildRules = (
			);
			dependencies = (
			);
			name = Dicee;
			productName = Dicee;
			productReference = 34DD617720D3D799003C1EB4 /* Dicee.app */;
			productType = "com.apple.product-type.application";
		};
		34DD618A20D3D79B003C1EB4 /* DiceeTests */ = {
			isa = PBXNativeTarget;
			buildConfigurationList = 34DD61A220D3D79B003C1EB4 /* Build configuration list for PBXNativeTarget "DiceeTests" */;
			buildPhases = (
				34DD618720D3D79B003C1EB4 /* Sources */,
				34DD618820D3D79B003C1EB4 /* Frameworks */,
				34DD618920D3D79B003C1EB4 /* Resources */,
			);
			buildRules = (
			);
			dependencies = (
				34DD618D20D3D79B003C1EB4 /* PBXTargetDependency */,
			);
			name = DiceeTests;
			productName = DiceeTests;
			productReference = 34DD618B20D3D79B003C1EB4 /* DiceeTests.xctest */;
			productType = "com.apple.product-type.bundle.unit-test";
		};
		34DD619520D3D79B003C1EB4 /* DiceeUITests */ = {
			isa = PBXNativeTarget;
			buildConfigurationList = 34DD61A520D3D79B003C1EB4 /* Build configuration list for PBXNativeTarget "DiceeUITests" */;
			buildPhases = (
				34DD619220D3D79B003C1EB4 /* Sources */,
				34DD619320D3D79B003C1EB4 /* Frameworks */,
				34DD619420D3D79B003C1EB4 /* Resources */,
			);
			buildRules = (
			);
			dependencies = (
				34DD619820D3D79B003C1EB4 /* PBXTargetDependency */,
			);
			name = DiceeUITests;
			productName = DiceeUITests;
			productReference = 34DD619620D3D79B003C1EB4 /* DiceeUITests.xctest */;
			productType = "com.apple.product-type.bundle.ui-testing";
		};
/* End PBXNativeTarget section */

/* Begin PBXProject section */
		34DD616F20D3D799003C1EB4 /* Project object */ = {
			isa = PBXProject;
			attributes = {
				LastSwiftUpdateCheck = 1000;
				LastUpgradeCheck = 1000;
				ORGANIZATIONNAME = "Juri Plugatariov";
				TargetAttributes = {
					34DD617620D3D799003C1EB4 = {
						CreatedOnToolsVersion = 10.0;
					};
					34DD618A20D3D79B003C1EB4 = {
						CreatedOnToolsVersion = 10.0;
						TestTargetID = 34DD617620D3D799003C1EB4;
					};
					34DD619520D3D79B003C1EB4 = {
						CreatedOnToolsVersion = 10.0;
						TestTargetID = 34DD617620D3D799003C1EB4;
					};
				};
			};
			buildConfigurationList = 34DD617220D3D799003C1EB4 /* Build configuration list for PBXProject "Dicee" */;
			compatibilityVersion = "Xcode 9.3";
			developmentRegion = en;
			hasScannedForEncodings = 0;
			knownRegions = (
				en,
				Base,
			);
			mainGroup = 34DD616E20D3D799003C1EB4;
			productRefGroup = 34DD617820D3D799003C1EB4 /* Products */;
			projectDirPath = "";
			projectRoot = "";
			targets = (
				34DD617620D3D799003C1EB4 /* Dicee */,
				34DD618A20D3D79B003C1EB4 /* DiceeTests */,
				34DD619520D3D79B003C1EB4 /* DiceeUITests */,
			);
		};
/* End PBXProject section */

/* Begin PBXResourcesBuildPhase section */
		34DD617520D3D799003C1EB4 /* Resources */ = {
			isa = PBXResourcesBuildPhase;
			buildActionMask = 2147483647;
			files = (
				34DD618520D3D79B003C1EB4 /* LaunchScreen.storyboard in Resources */,
				34DD618220D3D79B003C1EB4 /* Assets.xcassets in Resources */,
				34DD618020D3D799003C1EB4 /* Main.storyboard in Resources */,
			);
			runOnlyForDeploymentPostprocessing = 0;
		};
		34DD618920D3D79B003C1EB4 /* Resources */ = {
			isa = PBXResourcesBuildPhase;
			buildActionMask = 2147483647;
			files = (
			);
			runOnlyForDeploymentPostprocessing = 0;
		};
		34DD619420D3D79B003C1EB4 /* Resources */ = {
			isa = PBXResourcesBuildPhase;
			buildActionMask = 2147483647;
			files = (
			);
			runOnlyForDeploymentPostprocessing = 0;
		};
/* End PBXResourcesBuildPhase section */

/* Begin PBXSourcesBuildPhase section */
		34DD617320D3D799003C1EB4 /* Sources */ = {
			isa = PBXSourcesBuildPhase;
			buildActionMask = 2147483647;
			files = (
				34DD617D20D3D799003C1EB4 /* ViewController.swift in Sources */,
				34DD617B20D3D799003C1EB4 /* AppDelegate.swift in Sources */,
			);
			runOnlyForDeploymentPostprocessing = 0;
		};
		34DD618720D3D79B003C1EB4 /* Sources */ = {
			isa = PBXSourcesBuildPhase;
			buildActionMask = 2147483647;
			files = (
				34DD619020D3D79B003C1EB4 /* DiceeTests.swift in Sources */,
			);
			runOnlyForDeploymentPostprocessing = 0;
		};
		34DD619220D3D79B003C1EB4 /* Sources */ = {
			isa = PBXSourcesBuildPhase;
			buildActionMask = 2147483647;
			files = (
				34DD619B20D3D79B003C1EB4 /* DiceeUITests.swift in Sources */,
			);
			runOnlyForDeploymentPostprocessing = 0;
		};
/* End PBXSourcesBuildPhase section */

/* Begin PBXTargetDependency section */
		34DD618D20D3D79B003C1EB4 /* PBXTargetDependency */ = {
			isa = PBXTargetDependency;
			target = 34DD617620D3D799003C1EB4 /* Dicee */;
			targetProxy = 34DD618C20D3D79B003C1EB4 /* PBXContainerItemProxy */;
		};
		34DD619820D3D79B003C1EB4 /* PBXTargetDependency */ = {
			isa = PBXTargetDependency;
			target = 34DD617620D3D799003C1EB4 /* Dicee */;
			targetProxy = 34DD619720D3D79B003C1EB4 /* PBXContainerItemProxy */;
		};
/* End PBXTargetDependency section */

/* Begin PBXVariantGroup section */
		34DD617E20D3D799003C1EB4 /* Main.storyboard */ = {
			isa = PBXVariantGroup;
			children = (
				34DD617F20D3D799003C1EB4 /* Base */,
			);
			name = Main.storyboard;
			sourceTree = "<group>";
		};
		34DD618320D3D79B003C1EB4 /* LaunchScreen.storyboard */ = {
			isa = PBXVariantGroup;
			children = (
				34DD618420D3D79B003C1EB4 /* Base */,
			);
			name = LaunchScreen.storyboard;
			sourceTree = "<group>";
		};
/* End PBXVariantGroup section */

/* Begin XCBuildConfiguration section */
		34DD619D20D3D79B003C1EB4 /* Debug */ = {
			isa = XCBuildConfiguration;
			buildSettings = {
				ALWAYS_SEARCH_USER_PATHS = NO;
				CLANG_ANALYZER_NONNULL = YES;
				CLANG_ANALYZER_NUMBER_OBJECT_CONVERSION = YES_AGGRESSIVE;
				CLANG_CXX_LANGUAGE_STANDARD = "gnu++14";
				CLANG_CXX_LIBRARY = "libc++";
				CLANG_ENABLE_MODULES = YES;
				CLANG_ENABLE_OBJC_ARC = YES;
				CLANG_ENABLE_OBJC_WEAK = YES;
				CLANG_WARN_BLOCK_CAPTURE_AUTORELEASING = YES;
				CLANG_WARN_BOOL_CONVERSION = YES;
				CLANG_WARN_COMMA = YES;
				CLANG_WARN_CONSTANT_CONVERSION = YES;
				CLANG_WARN_DEPRECATED_OBJC_IMPLEMENTATIONS = YES;
				CLANG_WARN_DIRECT_OBJC_ISA_USAGE = YES_ERROR;
				CLANG_WARN_DOCUMENTATION_COMMENTS = YES;
				CLANG_WARN_EMPTY_BODY = YES;
				CLANG_WARN_ENUM_CONVERSION = YES;
				CLANG_WARN_INFINITE_RECURSION = YES;
				CLANG_WARN_INT_CONVERSION = YES;
				CLANG_WARN_NON_LITERAL_NULL_CONVERSION = YES;
				CLANG_WARN_OBJC_IMPLICIT_RETAIN_SELF = YES;
				CLANG_WARN_OBJC_LITERAL_CONVERSION = YES;
				CLANG_WARN_OBJC_ROOT_CLASS = YES_ERROR;
				CLANG_WARN_RANGE_LOOP_ANALYSIS = YES;
				CLANG_WARN_STRICT_PROTOTYPES = YES;
				CLANG_WARN_SUSPICIOUS_MOVE = YES;
				CLANG_WARN_UNGUARDED_AVAILABILITY = YES_AGGRESSIVE;
				CLANG_WARN_UNREACHABLE_CODE = YES;
				CLANG_WARN__DUPLICATE_METHOD_MATCH = YES;
				CODE_SIGN_IDENTITY = "iPhone Developer";
				COPY_PHASE_STRIP = NO;
				DEBUG_INFORMATION_FORMAT = dwarf;
				ENABLE_STRICT_OBJC_MSGSEND = YES;
				ENABLE_TESTABILITY = YES;
				GCC_C_LANGUAGE_STANDARD = gnu11;
				GCC_DYNAMIC_NO_PIC = NO;
				GCC_NO_COMMON_BLOCKS = YES;
				GCC_OPTIMIZATION_LEVEL = 0;
				GCC_PREPROCESSOR_DEFINITIONS = (
					"DEBUG=1",
					"$(inherited)",
				);
				GCC_WARN_64_TO_32_BIT_CONVERSION = YES;
				GCC_WARN_ABOUT_RETURN_TYPE = YES_ERROR;
				GCC_WARN_UNDECLARED_SELECTOR = YES;
				GCC_WARN_UNINITIALIZED_AUTOS = YES_AGGRESSIVE;
				GCC_WARN_UNUSED_FUNCTION = YES;
				GCC_WARN_UNUSED_VARIABLE = YES;
				IPHONEOS_DEPLOYMENT_TARGET = 12.0;
				MTL_ENABLE_DEBUG_INFO = INCLUDE_SOURCE;
				ONLY_ACTIVE_ARCH = YES;
				SDKROOT = iphoneos;
				SWIFT_ACTIVE_COMPILATION_CONDITIONS = DEBUG;
				SWIFT_OPTIMIZATION_LEVEL = "-Onone";
			};
			name = Debug;
		};
		34DD619E20D3D79B003C1EB4 /* Release */ = {
			isa = XCBuildConfiguration;
			buildSettings = {
				ALWAYS_SEARCH_USER_PATHS = NO;
				CLANG_ANALYZER_NONNULL = YES;
				CLANG_ANALYZER_NUMBER_OBJECT_CONVERSION = YES_AGGRESSIVE;
				CLANG_CXX_LANGUAGE_STANDARD = "gnu++14";
				CLANG_CXX_LIBRARY = "libc++";
				CLANG_ENABLE_MODULES = YES;
				CLANG_ENABLE_OBJC_ARC = YES;
				CLANG_ENABLE_OBJC_WEAK = YES;
				CLANG_WARN_BLOCK_CAPTURE_AUTORELEASING = YES;
				CLANG_WARN_BOOL_CONVERSION = YES;
				CLANG_WARN_COMMA = YES;
				CLANG_WARN_CONSTANT_CONVERSION = YES;
				CLANG_WARN_DEPRECATED_OBJC_IMPLEMENTATIONS = YES;
				CLANG_WARN_DIRECT_OBJC_ISA_USAGE = YES_ERROR;
				CLANG_WARN_DOCUMENTATION_COMMENTS = YES;
				CLANG_WARN_EMPTY_BODY = YES;
				CLANG_WARN_ENUM_CONVERSION = YES;
				CLANG_WARN_INFINITE_RECURSION = YES;
				CLANG_WARN_INT_CONVERSION = YES;
				CLANG_WARN_NON_LITERAL_NULL_CONVERSION = YES;
				CLANG_WARN_OBJC_IMPLICIT_RETAIN_SELF = YES;
				CLANG_WARN_OBJC_LITERAL_CONVERSION = YES;
				CLANG_WARN_OBJC_ROOT_CLASS = YES_ERROR;
				CLANG_WARN_RANGE_LOOP_ANALYSIS = YES;
				CLANG_WARN_STRICT_PROTOTYPES = YES;
				CLANG_WARN_SUSPICIOUS_MOVE = YES;
				CLANG_WARN_UNGUARDED_AVAILABILITY = YES_AGGRESSIVE;
				CLANG_WARN_UNREACHABLE_CODE = YES;
				CLANG_WARN__DUPLICATE_METHOD_MATCH = YES;
				CODE_SIGN_IDENTITY = "iPhone Developer";
				COPY_PHASE_STRIP = NO;
				DEBUG_INFORMATION_FORMAT = "dwarf-with-dsym";
				ENABLE_NS_ASSERTIONS = NO;
				ENABLE_STRICT_OBJC_MSGSEND = YES;
				GCC_C_LANGUAGE_STANDARD = gnu11;
				GCC_NO_COMMON_BLOCKS = YES;
				GCC_WARN_64_TO_32_BIT_CONVERSION = YES;
				GCC_WARN_ABOUT_RETURN_TYPE = YES_ERROR;
				GCC_WARN_UNDECLARED_SELECTOR = YES;
				GCC_WARN_UNINITIALIZED_AUTOS = YES_AGGRESSIVE;
				GCC_WARN_UNUSED_FUNCTION = YES;
				GCC_WARN_UNUSED_VARIABLE = YES;
				IPHONEOS_DEPLOYMENT_TARGET = 12.0;
				MTL_ENABLE_DEBUG_INFO = NO;
				SDKROOT = iphoneos;
				SWIFT_COMPILATION_MODE = wholemodule;
				SWIFT_OPTIMIZATION_LEVEL = "-O";
				VALIDATE_PRODUCT = YES;
			};
			name = Release;
		};
		34DD61A020D3D79B003C1EB4 /* Debug */ = {
			isa = XCBuildConfiguration;
			buildSettings = {
				ASSETCATALOG_COMPILER_APPICON_NAME = AppIcon;
				CODE_SIGN_STYLE = Automatic;
				INFOPLIST_FILE = Dicee/Info.plist;
				LD_RUNPATH_SEARCH_PATHS = (
					"$(inherited)",
					"@executable_path/Frameworks",
				);
				PRODUCT_BUNDLE_IDENTIFIER = makefunstuff.Dicee;
				PRODUCT_NAME = "$(TARGET_NAME)";
				SWIFT_VERSION = 4.2;
				TARGETED_DEVICE_FAMILY = "1,2";
			};
			name = Debug;
		};
		34DD61A120D3D79B003C1EB4 /* Release */ = {
			isa = XCBuildConfiguration;
			buildSettings = {
				ASSETCATALOG_COMPILER_APPICON_NAME = AppIcon;
				CODE_SIGN_STYLE = Automatic;
				INFOPLIST_FILE = Dicee/Info.plist;
				LD_RUNPATH_SEARCH_PATHS = (
					"$(inherited)",
					"@executable_path/Frameworks",
				);
				PRODUCT_BUNDLE_IDENTIFIER = makefunstuff.Dicee;
				PRODUCT_NAME = "$(TARGET_NAME)";
				SWIFT_VERSION = 4.2;
				TARGETED_DEVICE_FAMILY = "1,2";
			};
			name = Release;
		};
		34DD61A320D3D79B003C1EB4 /* Debug */ = {
			isa = XCBuildConfiguration;
			buildSettings = {
				ALWAYS_EMBED_SWIFT_STANDARD_LIBRARIES = YES;
				BUNDLE_LOADER = "$(TEST_HOST)";
				CODE_SIGN_STYLE = Automatic;
				INFOPLIST_FILE = DiceeTests/Info.plist;
				LD_RUNPATH_SEARCH_PATHS = (
					"$(inherited)",
					"@executable_path/Frameworks",
					"@loader_path/Frameworks",
				);
				PRODUCT_BUNDLE_IDENTIFIER = makefunstuff.DiceeTests;
				PRODUCT_NAME = "$(TARGET_NAME)";
				SWIFT_VERSION = 4.2;
				TARGETED_DEVICE_FAMILY = "1,2";
				TEST_HOST = "$(BUILT_PRODUCTS_DIR)/Dicee.app/Dicee";
			};
			name = Debug;
		};
		34DD61A420D3D79B003C1EB4 /* Release */ = {
			isa = XCBuildConfiguration;
			buildSettings = {
				ALWAYS_EMBED_SWIFT_STANDARD_LIBRARIES = YES;
				BUNDLE_LOADER = "$(TEST_HOST)";
				CODE_SIGN_STYLE = Automatic;
				INFOPLIST_FILE = DiceeTests/Info.plist;
				LD_RUNPATH_SEARCH_PATHS = (
					"$(inherited)",
					"@executable_path/Frameworks",
					"@loader_path/Frameworks",
				);
				PRODUCT_BUNDLE_IDENTIFIER = makefunstuff.DiceeTests;
				PRODUCT_NAME = "$(TARGET_NAME)";
				SWIFT_VERSION = 4.2;
				TARGETED_DEVICE_FAMILY = "1,2";
				TEST_HOST = "$(BUILT_PRODUCTS_DIR)/Dicee.app/Dicee";
			};
			name = Release;
		};
		34DD61A620D3D79B003C1EB4 /* Debug */ = {
			isa = XCBuildConfiguration;
			buildSettings = {
				ALWAYS_EMBED_SWIFT_STANDARD_LIBRARIES = YES;
				CODE_SIGN_STYLE = Automatic;
				INFOPLIST_FILE = DiceeUITests/Info.plist;
				LD_RUNPATH_SEARCH_PATHS = (
					"$(inherited)",
					"@executable_path/Frameworks",
					"@loader_path/Frameworks",
				);
				PRODUCT_BUNDLE_IDENTIFIER = makefunstuff.DiceeUITests;
				PRODUCT_NAME = "$(TARGET_NAME)";
				SWIFT_VERSION = 4.2;
				TARGETED_DEVICE_FAMILY = "1,2";
				TEST_TARGET_NAME = Dicee;
			};
			name = Debug;
		};
		34DD61A720D3D79B003C1EB4 /* Release */ = {
			isa = XCBuildConfiguration;
			buildSettings = {
				ALWAYS_EMBED_SWIFT_STANDARD_LIBRARIES = YES;
				CODE_SIGN_STYLE = Automatic;
				INFOPLIST_FILE = DiceeUITests/Info.plist;
				LD_RUNPATH_SEARCH_PATHS = (
					"$(inherited)",
					"@executable_path/Frameworks",
					"@loader_path/Frameworks",
				);
				PRODUCT_BUNDLE_IDENTIFIER = makefunstuff.DiceeUITests;
				PRODUCT_NAME = "$(TARGET_NAME)";
				SWIFT_VERSION = 4.2;
				TARGETED_DEVICE_FAMILY = "1,2";
				TEST_TARGET_NAME = Dicee;
			};
			name = Release;
		};
/* End XCBuildConfiguration section */

/* Begin XCConfigurationList section */
		34DD617220D3D799003C1EB4 /* Build configuration list for PBXProject "Dicee" */ = {
			isa = XCConfigurationList;
			buildConfigurations = (
				34DD619D20D3D79B003C1EB4 /* Debug */,
				34DD619E20D3D79B003C1EB4 /* Release */,
			);
			defaultConfigurationIsVisible = 0;
			defaultConfigurationName = Release;
		};
		34DD619F20D3D79B003C1EB4 /* Build configuration list for PBXNativeTarget "Dicee" */ = {
			isa = XCConfigurationList;
			buildConfigurations = (
				34DD61A020D3D79B003C1EB4 /* Debug */,
				34DD61A120D3D79B003C1EB4 /* Release */,
			);
			defaultConfigurationIsVisible = 0;
			defaultConfigurationName = Release;
		};
		34DD61A220D3D79B003C1EB4 /* Build configuration list for PBXNativeTarget "DiceeTests" */ = {
			isa = XCConfigurationList;
			buildConfigurations = (
				34DD61A320D3D79B003C1EB4 /* Debug */,
				34DD61A420D3D79B003C1EB4 /* Release */,
			);
			defaultConfigurationIsVisible = 0;
			defaultConfigurationName = Release;
		};
		34DD61A520D3D79B003C1EB4 /* Build configuration list for PBXNativeTarget "DiceeUITests" */ = {
			isa = XCConfigurationList;
			buildConfigurations = (
				34DD61A620D3D79B003C1EB4 /* Debug */,
				34DD61A720D3D79B003C1EB4 /* Release */,
			);
			defaultConfigurationIsVisible = 0;
			defaultConfigurationName = Release;
		};
/* End XCConfigurationList section */
	};
	rootObject = 34DD616F20D3D799003C1EB4 /* Project object */;
}
